github.com/soniakeys/bits v1.0.0 h1:Rune9VFefdJvLE0Q5iRCVGiKdSu2iDihs2I6SCm7evw=
github.com/soniakeys/bits v1.0.0/go.mod h1:7yJHB//UizrUr64VFneewK6SX5oeCf0SMbDYe2ey1JA=
github.com/soniakeys/graph v0.0.0 h1:C/Rr8rv9wbhZIsYHcWJFoI84pkipJocMYdRteE+/PQA=
github.com/soniakeys/graph v0.0.0/go.mod h1:lxpIbor/bIzWUAqvt1Dx92Hr63uWeyuEAbPnsjYbVwM=
